// !$*UTF8*$!
{
	archiveVersion = 1;
	classes = {
	};
	objectVersion = 46;
	objects = {

/* Begin PBXAggregateTarget section */
		823EE7991600AA9600018F78 /* JSONKit Framework */ = {
			isa = PBXAggregateTarget;
			buildConfigurationList = 823EE79A1600AA9600018F78 /* Build configuration list for PBXAggregateTarget "JSONKit Framework" */;
			buildPhases = (
				823EE79F1600AABB00018F78 /* ShellScript */,
			);
			dependencies = (
				823EE79E1600AAAE00018F78 /* PBXTargetDependency */,
			);
			name = "JSONKit Framework";
			productName = "JSONKit Framework";
		};
/* End PBXAggregateTarget section */

/* Begin PBXBuildFile section */
		823EE7861600A73800018F78 /* Foundation.framework in Frameworks */ = {isa = PBXBuildFile; fileRef = 823EE7851600A73800018F78 /* Foundation.framework */; };
		823EE78B1600A73800018F78 /* JSONKit.h in CopyFiles */ = {isa = PBXBuildFile; fileRef = 823EE78A1600A73800018F78 /* JSONKit.h */; };
		823EE78D1600A73800018F78 /* JSONKit.m in Sources */ = {isa = PBXBuildFile; fileRef = 823EE78C1600A73800018F78 /* JSONKit.m */; };
		823EE7941600A77100018F78 /* JSONKit.h in Headers */ = {isa = PBXBuildFile; fileRef = 823EE78A1600A73800018F78 /* JSONKit.h */; settings = {ATTRIBUTES = (Public, ); }; };
/* End PBXBuildFile section */

/* Begin PBXContainerItemProxy section */
		823EE79D1600AAAE00018F78 /* PBXContainerItemProxy */ = {
			isa = PBXContainerItemProxy;
			containerPortal = 823EE7791600A73800018F78 /* Project object */;
			proxyType = 1;
			remoteGlobalIDString = 823EE7811600A73800018F78;
			remoteInfo = JSONKit;
		};
/* End PBXContainerItemProxy section */

/* Begin PBXCopyFilesBuildPhase section */
		823EE7801600A73800018F78 /* CopyFiles */ = {
			isa = PBXCopyFilesBuildPhase;
			buildActionMask = 2147483647;
			dstPath = "include/${PRODUCT_NAME}";
			dstSubfolderSpec = 16;
			files = (
				823EE78B1600A73800018F78 /* JSONKit.h in CopyFiles */,
			);
			runOnlyForDeploymentPostprocessing = 0;
		};
/* End PBXCopyFilesBuildPhase section */

/* Begin PBXFileReference section */
		823EE7821600A73800018F78 /* libJSONKit.a */ = {isa = PBXFileReference; explicitFileType = archive.ar; includeInIndex = 0; path = libJSONKit.a; sourceTree = BUILT_PRODUCTS_DIR; };
		823EE7851600A73800018F78 /* Foundation.framework */ = {isa = PBXFileReference; lastKnownFileType = wrapper.framework; name = Foundation.framework; path = System/Library/Frameworks/Foundation.framework; sourceTree = SDKROOT; };
		823EE7891600A73800018F78 /* JSONKit-Prefix.pch */ = {isa = PBXFileReference; lastKnownFileType = sourcecode.c.h; path = "JSONKit-Prefix.pch"; sourceTree = "<group>"; };
		823EE78A1600A73800018F78 /* JSONKit.h */ = {isa = PBXFileReference; lastKnownFileType = sourcecode.c.h; path = JSONKit.h; sourceTree = "<group>"; };
		823EE78C1600A73800018F78 /* JSONKit.m */ = {isa = PBXFileReference; lastKnownFileType = sourcecode.c.objc; path = JSONKit.m; sourceTree = "<group>"; };
/* End PBXFileReference section */

/* Begin PBXFrameworksBuildPhase section */
		823EE77F1600A73800018F78 /* Frameworks */ = {
			isa = PBXFrameworksBuildPhase;
			buildActionMask = 2147483647;
			files = (
				823EE7861600A73800018F78 /* Foundation.framework in Frameworks */,
			);
			runOnlyForDeploymentPostprocessing = 0;
		};
/* End PBXFrameworksBuildPhase section */

/* Begin PBXGroup section */
		823EE7771600A73800018F78 = {
			isa = PBXGroup;
			children = (
				823EE7871600A73800018F78 /* JSONKit */,
				823EE7841600A73800018F78 /* Frameworks */,
				823EE7831600A73800018F78 /* Products */,
			);
			sourceTree = "<group>";
		};
		823EE7831600A73800018F78 /* Products */ = {
			isa = PBXGroup;
			children = (
				823EE7821600A73800018F78 /* libJSONKit.a */,
			);
			name = Products;
			sourceTree = "<group>";
		};
		823EE7841600A73800018F78 /* Frameworks */ = {
			isa = PBXGroup;
			children = (
				823EE7851600A73800018F78 /* Foundation.framework */,
			);
			name = Frameworks;
			sourceTree = "<group>";
		};
		823EE7871600A73800018F78 /* JSONKit */ = {
			isa = PBXGroup;
			children = (
				823EE78A1600A73800018F78 /* JSONKit.h */,
				823EE78C1600A73800018F78 /* JSONKit.m */,
				823EE7881600A73800018F78 /* Supporting Files */,
			);
			path = JSONKit;
			sourceTree = "<group>";
		};
		823EE7881600A73800018F78 /* Supporting Files */ = {
			isa = PBXGroup;
			children = (
				823EE7891600A73800018F78 /* JSONKit-Prefix.pch */,
			);
			name = "Supporting Files";
			sourceTree = "<group>";
		};
/* End PBXGroup section */

/* Begin PBXHeadersBuildPhase section */
		823EE7931600A76A00018F78 /* Headers */ = {
			isa = PBXHeadersBuildPhase;
			buildActionMask = 2147483647;
			files = (
				823EE7941600A77100018F78 /* JSONKit.h in Headers */,
			);
			runOnlyForDeploymentPostprocessing = 0;
		};
/* End PBXHeadersBuildPhase section */

/* Begin PBXNativeTarget section */
		823EE7811600A73800018F78 /* JSONKit */ = {
			isa = PBXNativeTarget;
			buildConfigurationList = 823EE7901600A73800018F78 /* Build configuration list for PBXNativeTarget "JSONKit" */;
			buildPhases = (
				823EE77E1600A73800018F78 /* Sources */,
				823EE77F1600A73800018F78 /* Frameworks */,
				823EE7801600A73800018F78 /* CopyFiles */,
				823EE7931600A76A00018F78 /* Headers */,
				823EE7981600AA6300018F78 /* ShellScript */,
			);
			buildRules = (
			);
			dependencies = (
			);
			name = JSONKit;
			productName = JSONKit;
			productReference = 823EE7821600A73800018F78 /* libJSONKit.a */;
			productType = "com.apple.product-type.library.static";
		};
/* End PBXNativeTarget section */

/* Begin PBXProject section */
		823EE7791600A73800018F78 /* Project object */ = {
			isa = PBXProject;
			attributes = {
				LastUpgradeCheck = 0440;
			};
			buildConfigurationList = 823EE77C1600A73800018F78 /* Build configuration list for PBXProject "JSONKit" */;
			compatibilityVersion = "Xcode 3.2";
			developmentRegion = English;
			hasScannedForEncodings = 0;
			knownRegions = (
				en,
			);
			mainGroup = 823EE7771600A73800018F78;
			productRefGroup = 823EE7831600A73800018F78 /* Products */;
			projectDirPath = "";
			projectRoot = "";
			targets = (
				823EE7811600A73800018F78 /* JSONKit */,
				823EE7991600AA9600018F78 /* JSONKit Framework */,
			);
		};
/* End PBXProject section */

/* Begin PBXShellScriptBuildPhase section */
		823EE7981600AA6300018F78 /* ShellScript */ = {
			isa = PBXShellScriptBuildPhase;
			buildActionMask = 2147483647;
			files = (
			);
			inputPaths = (
			);
			outputPaths = (
			);
			runOnlyForDeploymentPostprocessing = 0;
			shellPath = /bin/sh;
			shellScript = "# https://github.com/jverkoey/iOS-Framework#step-5-prepare-the-framework-for-use-as-a-dependent-target\nset -e\n\nmkdir -p \"${BUILT_PRODUCTS_DIR}/${PRODUCT_NAME}.framework/Versions/${FRAMEWORK_VERSION}/Headers\"\n\n# Link the \"Current\" version to \"${FRAMEWORK_VERSION}\"\nln -sfh ${FRAMEWORK_VERSION} \"${BUILT_PRODUCTS_DIR}/${PRODUCT_NAME}.framework/Versions/Current\"\nln -sfh Versions/Current/Headers \"${BUILT_PRODUCTS_DIR}/${PRODUCT_NAME}.framework/Headers\"\nln -sfh \"Versions/Current/${PRODUCT_NAME}\" \"${BUILT_PRODUCTS_DIR}/${PRODUCT_NAME}.framework/${PRODUCT_NAME}\"\n\n# The -a ensures that the headers maintain the source modification date so that we don't constantly\n# cause propagating rebuilds of files that import these headers.\ncp -a \"${BUILT_PRODUCTS_DIR}/${PUBLIC_HEADERS_FOLDER_PATH}/\" \"${BUILT_PRODUCTS_DIR}/${PRODUCT_NAME}.framework/Versions/${FRAMEWORK_VERSION}/Headers\"\n";
		};
		823EE79F1600AABB00018F78 /* ShellScript */ = {
			isa = PBXShellScriptBuildPhase;
			buildActionMask = 2147483647;
			files = (
			);
			inputPaths = (
			);
			outputPaths = (
			);
			runOnlyForDeploymentPostprocessing = 0;
			shellPath = /bin/sh;
			shellScript = "# https://github.com/jverkoey/iOS-Framework#step-3-build-the-other-platform\nset -e\nset +u\n# Avoid recursively calling this script.\nif [[ $SF_MASTER_SCRIPT_RUNNING ]]\nthen\nexit 0\nfi\nset -u\nexport SF_MASTER_SCRIPT_RUNNING=1\n\nSF_TARGET_NAME=${PROJECT_NAME}\nSF_EXECUTABLE_PATH=\"lib${SF_TARGET_NAME}.a\"\nSF_WRAPPER_NAME=\"${SF_TARGET_NAME}.framework\"\n\n# The following conditionals come from\n# https://github.com/kstenerud/iOS-Universal-Framework\n\nif [[ \"$SDK_NAME\" =~ ([A-Za-z]+) ]]\nthen\nSF_SDK_PLATFORM=${BASH_REMATCH[1]}\nelse\necho \"Could not find platform name from SDK_NAME: $SDK_NAME\"\nexit 1\nfi\n\nif [[ \"$SDK_NAME\" =~ ([0-9]+.*$) ]]\nthen\nSF_SDK_VERSION=${BASH_REMATCH[1]}\nelse\necho \"Could not find sdk version from SDK_NAME: $SDK_NAME\"\nexit 1\nfi\n\nif [[ \"$SF_SDK_PLATFORM\" = \"iphoneos\" ]]\nthen\nSF_OTHER_PLATFORM=iphonesimulator\nelse\nSF_OTHER_PLATFORM=iphoneos\nfi\n\nif [[ \"$BUILT_PRODUCTS_DIR\" =~ (.*)$SF_SDK_PLATFORM$ ]]\nthen\nSF_OTHER_BUILT_PRODUCTS_DIR=\"${BASH_REMATCH[1]}${SF_OTHER_PLATFORM}\"\nelse\necho \"Could not find platform name from build products directory: $BUILT_PRODUCTS_DIR\"\nexit 1\nfi\n\n# Build the other platform.\nxcodebuild -project \"${PROJECT_FILE_PATH}\" -target \"${TARGET_NAME}\" -configuration \"${CONFIGURATION}\" -sdk ${SF_OTHER_PLATFORM}${SF_SDK_VERSION} BUILD_DIR=\"${BUILD_DIR}\" OBJROOT=\"${OBJROOT}\" BUILD_ROOT=\"${BUILD_ROOT}\" SYMROOT=\"${SYMROOT}\" $ACTION\n\n# Smash the two static libraries into one fat binary and store it in the .framework\n\n\nlipo -create \"${BUILT_PRODUCTS_DIR}/${SF_EXECUTABLE_PATH}\" \"${SF_OTHER_BUILT_PRODUCTS_DIR}/${SF_EXECUTABLE_PATH}\" -output \"${BUILT_PRODUCTS_DIR}/${SF_WRAPPER_NAME}/Versions/${FRAMEWORK_VERSION}/${SF_TARGET_NAME}\"\n\n# Copy the binary to the other architecture folder to have a complete framework in both.\ncp -a \"${BUILT_PRODUCTS_DIR}/${SF_WRAPPER_NAME}/Versions/${FRAMEWORK_VERSION}/${SF_TARGET_NAME}\" \"${SF_OTHER_BUILT_PRODUCTS_DIR}/${SF_WRAPPER_NAME}/Versions/${FRAMEWORK_VERSION}/${SF_TARGET_NAME}\"\n\n# Copy the generated framework to the build directory\nmkdir -p \"${SRCROOT}/build\"\ncp -fR \"${BUILT_PRODUCTS_DIR}/JSONKit.framework\" \"${SRCROOT}/build/JSONKit.framework\"\n";
		};
/* End PBXShellScriptBuildPhase section */

/* Begin PBXSourcesBuildPhase section */
		823EE77E1600A73800018F78 /* Sources */ = {
			isa = PBXSourcesBuildPhase;
			buildActionMask = 2147483647;
			files = (
				823EE78D1600A73800018F78 /* JSONKit.m in Sources */,
			);
			runOnlyForDeploymentPostprocessing = 0;
		};
/* End PBXSourcesBuildPhase section */

/* Begin PBXTargetDependency section */
		823EE79E1600AAAE00018F78 /* PBXTargetDependency */ = {
			isa = PBXTargetDependency;
			target = 823EE7811600A73800018F78 /* JSONKit */;
			targetProxy = 823EE79D1600AAAE00018F78 /* PBXContainerItemProxy */;
		};
/* End PBXTargetDependency section */

/* Begin XCBuildConfiguration section */
		823EE78E1600A73800018F78 /* Debug */ = {
			isa = XCBuildConfiguration;
			buildSettings = {
				ALWAYS_SEARCH_USER_PATHS = NO;
				ARCHS = "$(ARCHS_STANDARD_32_BIT)";
				CLANG_CXX_LANGUAGE_STANDARD = "gnu++0x";
				CLANG_WARN__DUPLICATE_METHOD_MATCH = YES;
				COPY_PHASE_STRIP = NO;
				GCC_C_LANGUAGE_STANDARD = gnu99;
				GCC_DYNAMIC_NO_PIC = NO;
				GCC_OPTIMIZATION_LEVEL = 0;
				GCC_PREPROCESSOR_DEFINITIONS = (
					"DEBUG=1",
					"$(inherited)",
				);
				GCC_SYMBOLS_PRIVATE_EXTERN = NO;
				GCC_VERSION = com.apple.compilers.llvm.clang.1_0;
				GCC_WARN_ABOUT_RETURN_TYPE = YES;
				GCC_WARN_UNINITIALIZED_AUTOS = YES;
				GCC_WARN_UNUSED_VARIABLE = YES;
				IPHONEOS_DEPLOYMENT_TARGET = 5.1;
				SDKROOT = iphoneos;
			};
			name = Debug;
		};
		823EE78F1600A73800018F78 /* Release */ = {
			isa = XCBuildConfiguration;
			buildSettings = {
				ALWAYS_SEARCH_USER_PATHS = NO;
				ARCHS = "$(ARCHS_STANDARD_32_BIT)";
				CLANG_CXX_LANGUAGE_STANDARD = "gnu++0x";
				CLANG_WARN__DUPLICATE_METHOD_MATCH = YES;
				COPY_PHASE_STRIP = YES;
				GCC_C_LANGUAGE_STANDARD = gnu99;
				GCC_VERSION = com.apple.compilers.llvm.clang.1_0;
				GCC_WARN_ABOUT_RETURN_TYPE = YES;
				GCC_WARN_UNINITIALIZED_AUTOS = YES;
				GCC_WARN_UNUSED_VARIABLE = YES;
				IPHONEOS_DEPLOYMENT_TARGET = 5.1;
				SDKROOT = iphoneos;
				VALIDATE_PRODUCT = YES;
			};
			name = Release;
		};
		823EE7911600A73800018F78 /* Debug */ = {
			isa = XCBuildConfiguration;
			buildSettings = {
				ARCHS = (
					armv7,
					armv6,
				);
				COPY_PHASE_STRIP = NO;
				DEAD_CODE_STRIPPING = NO;
				DSTROOT = /tmp/JSONKit.dst;
				GCC_PRECOMPILE_PREFIX_HEADER = YES;
				GCC_PREFIX_HEADER = "JSONKit/JSONKit-Prefix.pch";
				OTHER_LDFLAGS = "-ObjC";
				PRODUCT_NAME = "$(TARGET_NAME)";
				PUBLIC_HEADERS_FOLDER_PATH = "$(PROJECT_NAME)Headers";
				SKIP_INSTALL = YES;
				STRIP_STYLE = "non-global";
			};
			name = Debug;
		};
		823EE7921600A73800018F78 /* Release */ = {
			isa = XCBuildConfiguration;
			buildSettings = {
				ARCHS = (
					armv7,
					armv6,
				);
				COPY_PHASE_STRIP = NO;
				DEAD_CODE_STRIPPING = NO;
				DSTROOT = /tmp/JSONKit.dst;
				GCC_PRECOMPILE_PREFIX_HEADER = YES;
				GCC_PREFIX_HEADER = "JSONKit/JSONKit-Prefix.pch";
				OTHER_LDFLAGS = "-ObjC";
				PRODUCT_NAME = "$(TARGET_NAME)";
				PUBLIC_HEADERS_FOLDER_PATH = "$(PROJECT_NAME)Headers";
				SKIP_INSTALL = YES;
				STRIP_STYLE = "non-global";
			};
			name = Release;
		};
		823EE79B1600AA9600018F78 /* Debug */ = {
			isa = XCBuildConfiguration;
			buildSettings = {
				PRODUCT_NAME = "$(TARGET_NAME)";
			};
			name = Debug;
		};
		823EE79C1600AA9600018F78 /* Release */ = {
			isa = XCBuildConfiguration;
			buildSettings = {
				PRODUCT_NAME = "$(TARGET_NAME)";
			};
			name = Release;
		};
/* End XCBuildConfiguration section */

/* Begin XCConfigurationList section */
		823EE77C1600A73800018F78 /* Build configuration list for PBXProject "JSONKit" */ = {
			isa = XCConfigurationList;
			buildConfigurations = (
				823EE78E1600A73800018F78 /* Debug */,
				823EE78F1600A73800018F78 /* Release */,
			);
			defaultConfigurationIsVisible = 0;
			defaultConfigurationName = Release;
		};
		823EE7901600A73800018F78 /* Build configuration list for PBXNativeTarget "JSONKit" */ = {
			isa = XCConfigurationList;
			buildConfigurations = (
				823EE7911600A73800018F78 /* Debug */,
				823EE7921600A73800018F78 /* Release */,
			);
			defaultConfigurationIsVisible = 0;
		};
		823EE79A1600AA9600018F78 /* Build configuration list for PBXAggregateTarget "JSONKit Framework" */ = {
			isa = XCConfigurationList;
			buildConfigurations = (
				823EE79B1600AA9600018F78 /* Debug */,
				823EE79C1600AA9600018F78 /* Release */,
			);
			defaultConfigurationIsVisible = 0;
		};
/* End XCConfigurationList section */
	};
	rootObject = 823EE7791600A73800018F78 /* Project object */;
}
